// !$*UTF8*$!
{
	archiveVersion = 1;
	classes = {
	};
	objectVersion = 46;
	objects = {

/* Begin PBXBuildFile section */
		5519CC0E3F2B5885E977DEF7 /* Pods_GoFaBConnect.framework in Frameworks */ = {isa = PBXBuildFile; fileRef = ADAE3FF9F0D0A290F04B1A4A /* Pods_GoFaBConnect.framework */; };
		7F25C0951F209F9F007029E4 /* AppDelegate.swift in Sources */ = {isa = PBXBuildFile; fileRef = 7F25C0941F209F9F007029E4 /* AppDelegate.swift */; };
		7F25C0971F209F9F007029E4 /* ViewController.swift in Sources */ = {isa = PBXBuildFile; fileRef = 7F25C0961F209F9F007029E4 /* ViewController.swift */; };
		7F25C09A1F209F9F007029E4 /* Main.storyboard in Resources */ = {isa = PBXBuildFile; fileRef = 7F25C0981F209F9F007029E4 /* Main.storyboard */; };
		7F25C09C1F209F9F007029E4 /* Assets.xcassets in Resources */ = {isa = PBXBuildFile; fileRef = 7F25C09B1F209F9F007029E4 /* Assets.xcassets */; };
		7F25C09F1F209F9F007029E4 /* LaunchScreen.storyboard in Resources */ = {isa = PBXBuildFile; fileRef = 7F25C09D1F209F9F007029E4 /* LaunchScreen.storyboard */; };
		7F25C0A71F20A0E6007029E4 /* GoogleService-Info.plist in Resources */ = {isa = PBXBuildFile; fileRef = 7F25C0A61F20A0E6007029E4 /* GoogleService-Info.plist */; };
/* End PBXBuildFile section */

/* Begin PBXFileReference section */
		7F25C0911F209F9F007029E4 /* GoFaBConnect.app */ = {isa = PBXFileReference; explicitFileType = wrapper.application; includeInIndex = 0; path = GoFaBConnect.app; sourceTree = BUILT_PRODUCTS_DIR; };
		7F25C0941F209F9F007029E4 /* AppDelegate.swift */ = {isa = PBXFileReference; lastKnownFileType = sourcecode.swift; path = AppDelegate.swift; sourceTree = "<group>"; };
		7F25C0961F209F9F007029E4 /* ViewController.swift */ = {isa = PBXFileReference; lastKnownFileType = sourcecode.swift; path = ViewController.swift; sourceTree = "<group>"; };
		7F25C0991F209F9F007029E4 /* Base */ = {isa = PBXFileReference; lastKnownFileType = file.storyboard; name = Base; path = Base.lproj/Main.storyboard; sourceTree = "<group>"; };
		7F25C09B1F209F9F007029E4 /* Assets.xcassets */ = {isa = PBXFileReference; lastKnownFileType = folder.assetcatalog; path = Assets.xcassets; sourceTree = "<group>"; };
		7F25C09E1F209F9F007029E4 /* Base */ = {isa = PBXFileReference; lastKnownFileType = file.storyboard; name = Base; path = Base.lproj/LaunchScreen.storyboard; sourceTree = "<group>"; };
		7F25C0A01F209FA0007029E4 /* Info.plist */ = {isa = PBXFileReference; lastKnownFileType = text.plist.xml; path = Info.plist; sourceTree = "<group>"; };
		7F25C0A61F20A0E6007029E4 /* GoogleService-Info.plist */ = {isa = PBXFileReference; fileEncoding = 4; lastKnownFileType = text.plist.xml; name = "GoogleService-Info.plist"; path = "../../../../Downloads/GoogleService-Info.plist"; sourceTree = "<group>"; };
		A9B93AE5751910A2EF0B87ED /* Pods-GoFaBConnect.release.xcconfig */ = {isa = PBXFileReference; includeInIndex = 1; lastKnownFileType = text.xcconfig; name = "Pods-GoFaBConnect.release.xcconfig"; path = "Pods/Target Support Files/Pods-GoFaBConnect/Pods-GoFaBConnect.release.xcconfig"; sourceTree = "<group>"; };
		ADAE3FF9F0D0A290F04B1A4A /* Pods_GoFaBConnect.framework */ = {isa = PBXFileReference; explicitFileType = wrapper.framework; includeInIndex = 0; path = Pods_GoFaBConnect.framework; sourceTree = BUILT_PRODUCTS_DIR; };
		EB2B53374D3C6C87980B9E81 /* Pods-GoFaBConnect.debug.xcconfig */ = {isa = PBXFileReference; includeInIndex = 1; lastKnownFileType = text.xcconfig; name = "Pods-GoFaBConnect.debug.xcconfig"; path = "Pods/Target Support Files/Pods-GoFaBConnect/Pods-GoFaBConnect.debug.xcconfig"; sourceTree = "<group>"; };
/* End PBXFileReference section */

/* Begin PBXFrameworksBuildPhase section */
		7F25C08E1F209F9F007029E4 /* Frameworks */ = {
			isa = PBXFrameworksBuildPhase;
			buildActionMask = 2147483647;
			files = (
				5519CC0E3F2B5885E977DEF7 /* Pods_GoFaBConnect.framework in Frameworks */,
			);
			runOnlyForDeploymentPostprocessing = 0;
		};
/* End PBXFrameworksBuildPhase section */

/* Begin PBXGroup section */
		1A8A8CCFFE2D1EAC83AD747D /* Pods */ = {
			isa = PBXGroup;
			children = (
				EB2B53374D3C6C87980B9E81 /* Pods-GoFaBConnect.debug.xcconfig */,
				A9B93AE5751910A2EF0B87ED /* Pods-GoFaBConnect.release.xcconfig */,
			);
			name = Pods;
			sourceTree = "<group>";
		};
		7F25C0881F209F9F007029E4 = {
			isa = PBXGroup;
			children = (
				7F25C0931F209F9F007029E4 /* GoFaBConnect */,
				7F25C0921F209F9F007029E4 /* Products */,
				1A8A8CCFFE2D1EAC83AD747D /* Pods */,
				9422732DBAFBDB2949550622 /* Frameworks */,
			);
			sourceTree = "<group>";
		};
		7F25C0921F209F9F007029E4 /* Products */ = {
			isa = PBXGroup;
			children = (
				7F25C0911F209F9F007029E4 /* GoFaBConnect.app */,
			);
			name = Products;
			sourceTree = "<group>";
		};
		7F25C0931F209F9F007029E4 /* GoFaBConnect */ = {
			isa = PBXGroup;
			children = (
				7F25C0941F209F9F007029E4 /* AppDelegate.swift */,
				7F25C0961F209F9F007029E4 /* ViewController.swift */,
				7F25C0981F209F9F007029E4 /* Main.storyboard */,
				7F25C09B1F209F9F007029E4 /* Assets.xcassets */,
				7F25C09D1F209F9F007029E4 /* LaunchScreen.storyboard */,
				7F25C0A61F20A0E6007029E4 /* GoogleService-Info.plist */,
				7F25C0A01F209FA0007029E4 /* Info.plist */,
			);
			path = GoFaBConnect;
			sourceTree = "<group>";
		};
		9422732DBAFBDB2949550622 /* Frameworks */ = {
			isa = PBXGroup;
			children = (
				ADAE3FF9F0D0A290F04B1A4A /* Pods_GoFaBConnect.framework */,
			);
			name = Frameworks;
			sourceTree = "<group>";
		};
/* End PBXGroup section */

/* Begin PBXNativeTarget section */
		7F25C0901F209F9F007029E4 /* GoFaBConnect */ = {
			isa = PBXNativeTarget;
			buildConfigurationList = 7F25C0A31F209FA0007029E4 /* Build configuration list for PBXNativeTarget "GoFaBConnect" */;
			buildPhases = (
				10C4BDE2AFFEAC9D6C888284 /* [CP] Check Pods Manifest.lock */,
				7F25C08D1F209F9F007029E4 /* Sources */,
				7F25C08E1F209F9F007029E4 /* Frameworks */,
				7F25C08F1F209F9F007029E4 /* Resources */,
				ED8F9B6701C902B0EC35C676 /* [CP] Embed Pods Frameworks */,
				B0190518A47E6CB9F9C1B27B /* [CP] Copy Pods Resources */,
			);
			buildRules = (
			);
			dependencies = (
			);
			name = GoFaBConnect;
			productName = GoFaBConnect;
			productReference = 7F25C0911F209F9F007029E4 /* GoFaBConnect.app */;
			productType = "com.apple.product-type.application";
		};
/* End PBXNativeTarget section */

/* Begin PBXProject section */
		7F25C0891F209F9F007029E4 /* Project object */ = {
			isa = PBXProject;
			attributes = {
				LastSwiftUpdateCheck = 0830;
				LastUpgradeCheck = 0830;
				ORGANIZATIONNAME = AlexanderYakovenko;
				TargetAttributes = {
					7F25C0901F209F9F007029E4 = {
						CreatedOnToolsVersion = 8.3.3;
						DevelopmentTeam = DFT9FL7J65;
						ProvisioningStyle = Automatic;
					};
				};
			};
			buildConfigurationList = 7F25C08C1F209F9F007029E4 /* Build configuration list for PBXProject "GoFaBConnect" */;
			compatibilityVersion = "Xcode 3.2";
			developmentRegion = English;
			hasScannedForEncodings = 0;
			knownRegions = (
				en,
				Base,
			);
			mainGroup = 7F25C0881F209F9F007029E4;
			productRefGroup = 7F25C0921F209F9F007029E4 /* Products */;
			projectDirPath = "";
			projectRoot = "";
			targets = (
				7F25C0901F209F9F007029E4 /* GoFaBConnect */,
			);
		};
/* End PBXProject section */

/* Begin PBXResourcesBuildPhase section */
		7F25C08F1F209F9F007029E4 /* Resources */ = {
			isa = PBXResourcesBuildPhase;
			buildActionMask = 2147483647;
			files = (
				7F25C09F1F209F9F007029E4 /* LaunchScreen.storyboard in Resources */,
				7F25C0A71F20A0E6007029E4 /* GoogleService-Info.plist in Resources */,
				7F25C09C1F209F9F007029E4 /* Assets.xcassets in Resources */,
				7F25C09A1F209F9F007029E4 /* Main.storyboard in Resources */,
			);
			runOnlyForDeploymentPostprocessing = 0;
		};
/* End PBXResourcesBuildPhase section */

/* Begin PBXShellScriptBuildPhase section */
		10C4BDE2AFFEAC9D6C888284 /* [CP] Check Pods Manifest.lock */ = {
			isa = PBXShellScriptBuildPhase;
			buildActionMask = 2147483647;
			files = (
			);
			inputPaths = (
			);
			name = "[CP] Check Pods Manifest.lock";
			outputPaths = (
			);
			runOnlyForDeploymentPostprocessing = 0;
			shellPath = /bin/sh;
			shellScript = "diff \"${PODS_PODFILE_DIR_PATH}/Podfile.lock\" \"${PODS_ROOT}/Manifest.lock\" > /dev/null\nif [ $? != 0 ] ; then\n    # print error to STDERR\n    echo \"error: The sandbox is not in sync with the Podfile.lock. Run 'pod install' or update your CocoaPods installation.\" >&2\n    exit 1\nfi\n";
			showEnvVarsInLog = 0;
		};
		B0190518A47E6CB9F9C1B27B /* [CP] Copy Pods Resources */ = {
			isa = PBXShellScriptBuildPhase;
			buildActionMask = 2147483647;
			files = (
			);
			inputPaths = (
			);
			name = "[CP] Copy Pods Resources";
			outputPaths = (
			);
			runOnlyForDeploymentPostprocessing = 0;
			shellPath = /bin/sh;
			shellScript = "\"${SRCROOT}/Pods/Target Support Files/Pods-GoFaBConnect/Pods-GoFaBConnect-resources.sh\"\n";
			showEnvVarsInLog = 0;
		};
		ED8F9B6701C902B0EC35C676 /* [CP] Embed Pods Frameworks */ = {
			isa = PBXShellScriptBuildPhase;
			buildActionMask = 2147483647;
			files = (
			);
			inputPaths = (
			);
			name = "[CP] Embed Pods Frameworks";
			outputPaths = (
			);
			runOnlyForDeploymentPostprocessing = 0;
			shellPath = /bin/sh;
			shellScript = "\"${SRCROOT}/Pods/Target Support Files/Pods-GoFaBConnect/Pods-GoFaBConnect-frameworks.sh\"\n";
			showEnvVarsInLog = 0;
		};
/* End PBXShellScriptBuildPhase section */

/* Begin PBXSourcesBuildPhase section */
		7F25C08D1F209F9F007029E4 /* Sources */ = {
			isa = PBXSourcesBuildPhase;
			buildActionMask = 2147483647;
			files = (
				7F25C0971F209F9F007029E4 /* ViewController.swift in Sources */,
				7F25C0951F209F9F007029E4 /* AppDelegate.swift in Sources */,
			);
			runOnlyForDeploymentPostprocessing = 0;
		};
/* End PBXSourcesBuildPhase section */

/* Begin PBXVariantGroup section */
		7F25C0981F209F9F007029E4 /* Main.storyboard */ = {
			isa = PBXVariantGroup;
			children = (
				7F25C0991F209F9F007029E4 /* Base */,
			);
			name = Main.storyboard;
			sourceTree = "<group>";
		};
		7F25C09D1F209F9F007029E4 /* LaunchScreen.storyboard */ = {
			isa = PBXVariantGroup;
			children = (
				7F25C09E1F209F9F007029E4 /* Base */,
			);
			name = LaunchScreen.storyboard;
			sourceTree = "<group>";
		};
/* End PBXVariantGroup section */

/* Begin XCBuildConfiguration section */
		7F25C0A11F209FA0007029E4 /* Debug */ = {
			isa = XCBuildConfiguration;
			buildSettings = {
				ALWAYS_SEARCH_USER_PATHS = NO;
				CLANG_ANALYZER_NONNULL = YES;
				CLANG_ANALYZER_NUMBER_OBJECT_CONVERSION = YES_AGGRESSIVE;
				CLANG_CXX_LANGUAGE_STANDARD = "gnu++0x";
				CLANG_CXX_LIBRARY = "libc++";
				CLANG_ENABLE_MODULES = YES;
				CLANG_ENABLE_OBJC_ARC = YES;
				CLANG_WARN_BOOL_CONVERSION = YES;
				CLANG_WARN_CONSTANT_CONVERSION = YES;
				CLANG_WARN_DIRECT_OBJC_ISA_USAGE = YES_ERROR;
				CLANG_WARN_DOCUMENTATION_COMMENTS = YES;
				CLANG_WARN_EMPTY_BODY = YES;
				CLANG_WARN_ENUM_CONVERSION = YES;
				CLANG_WARN_INFINITE_RECURSION = YES;
				CLANG_WARN_INT_CONVERSION = YES;
				CLANG_WARN_OBJC_ROOT_CLASS = YES_ERROR;
				CLANG_WARN_SUSPICIOUS_MOVE = YES;
				CLANG_WARN_UNREACHABLE_CODE = YES;
				CLANG_WARN__DUPLICATE_METHOD_MATCH = YES;
				"CODE_SIGN_IDENTITY[sdk=iphoneos*]" = "iPhone Developer";
				COPY_PHASE_STRIP = NO;
				DEBUG_INFORMATION_FORMAT = dwarf;
				ENABLE_STRICT_OBJC_MSGSEND = YES;
				ENABLE_TESTABILITY = YES;
				GCC_C_LANGUAGE_STANDARD = gnu99;
				GCC_DYNAMIC_NO_PIC = NO;
				GCC_NO_COMMON_BLOCKS = YES;
				GCC_OPTIMIZATION_LEVEL = 0;
				GCC_PREPROCESSOR_DEFINITIONS = (
					"DEBUG=1",
					"$(inherited)",
				);
				GCC_WARN_64_TO_32_BIT_CONVERSION = YES;
				GCC_WARN_ABOUT_RETURN_TYPE = YES_ERROR;
				GCC_WARN_UNDECLARED_SELECTOR = YES;
				GCC_WARN_UNINITIALIZED_AUTOS = YES_AGGRESSIVE;
				GCC_WARN_UNUSED_FUNCTION = YES;
				GCC_WARN_UNUSED_VARIABLE = YES;
				IPHONEOS_DEPLOYMENT_TARGET = 10.3;
				MTL_ENABLE_DEBUG_INFO = YES;
				ONLY_ACTIVE_ARCH = YES;
				SDKROOT = iphoneos;
				SWIFT_ACTIVE_COMPILATION_CONDITIONS = DEBUG;
				SWIFT_OPTIMIZATION_LEVEL = "-Onone";
				TARGETED_DEVICE_FAMILY = "1,2";
			};
			name = Debug;
		};
		7F25C0A21F209FA0007029E4 /* Release */ = {
			isa = XCBuildConfiguration;
			buildSettings = {
				ALWAYS_SEARCH_USER_PATHS = NO;
				CLANG_ANALYZER_NONNULL = YES;
				CLANG_ANALYZER_NUMBER_OBJECT_CONVERSION = YES_AGGRESSIVE;
				CLANG_CXX_LANGUAGE_STANDARD = "gnu++0x";
				CLANG_CXX_LIBRARY = "libc++";
				CLANG_ENABLE_MODULES = YES;
				CLANG_ENABLE_OBJC_ARC = YES;
				CLANG_WARN_BOOL_CONVERSION = YES;
				CLANG_WARN_CONSTANT_CONVERSION = YES;
				CLANG_WARN_DIRECT_OBJC_ISA_USAGE = YES_ERROR;
				CLANG_WARN_DOCUMENTATION_COMMENTS = YES;
				CLANG_WARN_EMPTY_BODY = YES;
				CLANG_WARN_ENUM_CONVERSION = YES;
				CLANG_WARN_INFINITE_RECURSION = YES;
				CLANG_WARN_INT_CONVERSION = YES;
				CLANG_WARN_OBJC_ROOT_CLASS = YES_ERROR;
				CLANG_WARN_SUSPICIOUS_MOVE = YES;
				CLANG_WARN_UNREACHABLE_CODE = YES;
				CLANG_WARN__DUPLICATE_METHOD_MATCH = YES;
				"CODE_SIGN_IDENTITY[sdk=iphoneos*]" = "iPhone Developer";
				COPY_PHASE_STRIP = NO;
				DEBUG_INFORMATION_FORMAT = "dwarf-with-dsym";
				ENABLE_NS_ASSERTIONS = NO;
				ENABLE_STRICT_OBJC_MSGSEND = YES;
				GCC_C_LANGUAGE_STANDARD = gnu99;
				GCC_NO_COMMON_BLOCKS = YES;
				GCC_WARN_64_TO_32_BIT_CONVERSION = YES;
				GCC_WARN_ABOUT_RETURN_TYPE = YES_ERROR;
				GCC_WARN_UNDECLARED_SELECTOR = YES;
				GCC_WARN_UNINITIALIZED_AUTOS = YES_AGGRESSIVE;
				GCC_WARN_UNUSED_FUNCTION = YES;
				GCC_WARN_UNUSED_VARIABLE = YES;
				IPHONEOS_DEPLOYMENT_TARGET = 10.3;
				MTL_ENABLE_DEBUG_INFO = NO;
				SDKROOT = iphoneos;
				SWIFT_OPTIMIZATION_LEVEL = "-Owholemodule";
				TARGETED_DEVICE_FAMILY = "1,2";
				VALIDATE_PRODUCT = YES;
			};
			name = Release;
		};
		7F25C0A41F209FA0007029E4 /* Debug */ = {
			isa = XCBuildConfiguration;
			baseConfigurationReference = EB2B53374D3C6C87980B9E81 /* Pods-GoFaBConnect.debug.xcconfig */;
			buildSettings = {
				ASSETCATALOG_COMPILER_APPICON_NAME = AppIcon;
				DEVELOPMENT_TEAM = DFT9FL7J65;
				INFOPLIST_FILE = GoFaBConnect/Info.plist;
				LD_RUNPATH_SEARCH_PATHS = "$(inherited) @executable_path/Frameworks";
				PRODUCT_BUNDLE_IDENTIFIER = Alex.GoFaBConnect;
				PRODUCT_NAME = "$(TARGET_NAME)";
				SWIFT_VERSION = 3.0;
			};
			name = Debug;
		};
		7F25C0A51F209FA0007029E4 /* Release */ = {
			isa = XCBuildConfiguration;
			baseConfigurationReference = A9B93AE5751910A2EF0B87ED /* Pods-GoFaBConnect.release.xcconfig */;
			buildSettings = {
				ASSETCATALOG_COMPILER_APPICON_NAME = AppIcon;
				DEVELOPMENT_TEAM = DFT9FL7J65;
				INFOPLIST_FILE = GoFaBConnect/Info.plist;
				LD_RUNPATH_SEARCH_PATHS = "$(inherited) @executable_path/Frameworks";
				PRODUCT_BUNDLE_IDENTIFIER = Alex.GoFaBConnect;
				PRODUCT_NAME = "$(TARGET_NAME)";
				SWIFT_VERSION = 3.0;
			};
			name = Release;
		};
/* End XCBuildConfiguration section */

/* Begin XCConfigurationList section */
		7F25C08C1F209F9F007029E4 /* Build configuration list for PBXProject "GoFaBConnect" */ = {
			isa = XCConfigurationList;
			buildConfigurations = (
				7F25C0A11F209FA0007029E4 /* Debug */,
				7F25C0A21F209FA0007029E4 /* Release */,
			);
			defaultConfigurationIsVisible = 0;
			defaultConfigurationName = Release;
		};
		7F25C0A31F209FA0007029E4 /* Build configuration list for PBXNativeTarget "GoFaBConnect" */ = {
			isa = XCConfigurationList;
			buildConfigurations = (
				7F25C0A41F209FA0007029E4 /* Debug */,
				7F25C0A51F209FA0007029E4 /* Release */,
			);
			defaultConfigurationIsVisible = 0;
			defaultConfigurationName = Release;
		};
/* End XCConfigurationList section */
	};
	rootObject = 7F25C0891F209F9F007029E4 /* Project object */;
}
